<?xml version="1.0" encoding="utf-8"?>
<Project ToolsVersion="4.0" xmlns="http://schemas.microsoft.com/developer/msbuild/2003">
  <ItemGroup>
    <Filter Include="소스 파일">
      <UniqueIdentifier>{4FC737F1-C7A5-4376-A066-2A32D752A2FF}</UniqueIdentifier>
      <Extensions>cpp;c;cc;cxx;def;odl;idl;hpj;bat;asm;asmx</Extensions>
    </Filter>
    <Filter Include="헤더 파일">
      <UniqueIdentifier>{93995380-89BD-4b04-88EB-625FBE52EBFB}</UniqueIdentifier>
      <Extensions>h;hh;hpp;hxx;hm;inl;inc;ipp;xsd</Extensions>
    </Filter>
    <Filter Include="리소스 파일">
      <UniqueIdentifier>{67DA6AB6-F800-4c08-8B7A-83BB121AAD01}</UniqueIdentifier>
      <Extensions>rc;ico;cur;bmp;dlg;rc2;rct;bin;rgs;gif;jpg;jpeg;jpe;resx;tiff;tif;png;wav;mfcribbon-ms</Extensions>
    </Filter>
  </ItemGroup>
  <ItemGroup>
    <ClCompile Include="ArrayList\ArrayList.cpp">
      <Filter>소스 파일</Filter>
    </ClCompile>
    <ClCompile Include="ArrayList\ArrayList_Test.cpp">
      <Filter>소스 파일</Filter>
    </ClCompile>
    <ClCompile Include="RinkedList\SimpleLinkedList.cpp">
      <Filter>소스 파일</Filter>
    </ClCompile>
    <ClCompile Include="RinkedList\SimpleLinkedListTest.cpp">
      <Filter>소스 파일</Filter>
    </ClCompile>
    <ClCompile Include="RinkedList\CircularLinkedList.cpp">
      <Filter>소스 파일</Filter>
    </ClCompile>
    <ClCompile Include="RinkedList\CircularLinkedListTest.cpp">
      <Filter>소스 파일</Filter>
    </ClCompile>
    <ClCompile Include="RinkedList\DoublyLinkedList.cpp">
      <Filter>소스 파일</Filter>
    </ClCompile>
    <ClCompile Include="RinkedList\DoublyLinkedListTest.cpp">
      <Filter>소스 파일</Filter>
    </ClCompile>
    <ClCompile Include="Stack\ArrayStack.cpp">
      <Filter>소스 파일</Filter>
    </ClCompile>
    <ClCompile Include="Stack\ArrayStackTest.cpp">
      <Filter>소스 파일</Filter>
    </ClCompile>
    <ClCompile Include="Stack\LinkedListStack.cpp">
      <Filter>소스 파일</Filter>
    </ClCompile>
    <ClCompile Include="Stack\LinkedListStackTest.cpp">
      <Filter>소스 파일</Filter>
    </ClCompile>
    <ClCompile Include="Stack\Exprdef.cpp">
      <Filter>소스 파일</Filter>
    </ClCompile>
    <ClCompile Include="Stack\ExprdefTest.cpp">
      <Filter>소스 파일</Filter>
    </ClCompile>
    <ClCompile Include="Queue\ArrayQueue.cpp">
      <Filter>소스 파일</Filter>
    </ClCompile>
    <ClCompile Include="Queue\ArrayQueueTest.cpp">
      <Filter>소스 파일</Filter>
    </ClCompile>
    <ClCompile Include="Queue\LinkedListQueue.cpp">
      <Filter>소스 파일</Filter>
    </ClCompile>
    <ClCompile Include="Queue\LikedListQueueTest.cpp">
      <Filter>소스 파일</Filter>
    </ClCompile>
    <ClCompile Include="Deque\LinkedListDeque.cpp">
      <Filter>소스 파일</Filter>
    </ClCompile>
    <ClCompile Include="Deque\LinkedListDequeTest.cpp">
      <Filter>소스 파일</Filter>
    </ClCompile>
    <ClCompile Include="Tree\BinaryTree.cpp">
      <Filter>소스 파일</Filter>
    </ClCompile>
    <ClCompile Include="Tree\BinaryTreeTest.cpp">
      <Filter>소스 파일</Filter>
    </ClCompile>
    <ClCompile Include="Tree\ArrayHeap.cpp">
      <Filter>소스 파일</Filter>
    </ClCompile>
    <ClCompile Include="Tree\ArrayHeapTest.cpp">
      <Filter>소스 파일</Filter>
    </ClCompile>
    <ClCompile Include="Tree\BinarySearchTree.cpp">
      <Filter>소스 파일</Filter>
    </ClCompile>
    <ClCompile Include="Tree\BinarySearchTreeTest.cpp">
      <Filter>소스 파일</Filter>
    </ClCompile>
    <ClCompile Include="Graph\ArrayGraph.cpp">
      <Filter>소스 파일</Filter>
    </ClCompile>
    <ClCompile Include="Graph\ArrayGraphTest.cpp">
      <Filter>소스 파일</Filter>
    </ClCompile>
    <ClCompile Include="Graph\GraphLinkedList.cpp">
      <Filter>소스 파일</Filter>
    </ClCompile>
    <ClCompile Include="Graph\LinkedGraph.cpp">
      <Filter>소스 파일</Filter>
    </ClCompile>
    <ClCompile Include="Graph\LinkedGraphTest.cpp">
      <Filter>소스 파일</Filter>
    </ClCompile>
    <ClCompile Include="Graph\GraphLinkedStack.cpp">
      <Filter>소스 파일</Filter>
    </ClCompile>
    <ClCompile Include="Graph\GraphTraversalTest.cpp">
      <Filter>소스 파일</Filter>
    </ClCompile>
    <ClCompile Include="Graph\GraphLinkedQueue.cpp">
      <Filter>소스 파일</Filter>
    </ClCompile>
    <ClCompile Include="Graph\GraphArrayHeap.cpp">
      <Filter>소스 파일</Filter>
    </ClCompile>
    <ClCompile Include="Graph\MinSpanningTree.cpp">
      <Filter>소스 파일</Filter>
    </ClCompile>
    <ClCompile Include="Graph\MinSpanningTreeTest.cpp">
      <Filter>소스 파일</Filter>
    </ClCompile>
    <ClCompile Include="Graph\ShortestPath.cpp">
      <Filter>소스 파일</Filter>
    </ClCompile>
    <ClCompile Include="Graph\ShortestPathTest.cpp">
      <Filter>소스 파일</Filter>
    </ClCompile>
    <ClCompile Include="Sort\Sort.cpp">
      <Filter>소스 파일</Filter>
    </ClCompile>
    <ClCompile Include="Sort\SortTest.cpp">
      <Filter>소스 파일</Filter>
    </ClCompile>
    <ClCompile Include="Sort\SortQueue.cpp">
      <Filter>소스 파일</Filter>
    </ClCompile>
    <ClCompile Include="Sort\SortHeap.cpp">
      <Filter>소스 파일</Filter>
    </ClCompile>
    <ClCompile Include="Search\StaticHashing.cpp">
      <Filter>소스 파일</Filter>
    </ClCompile>
    <ClCompile Include="Search\StaticHashingTest.cpp">
      <Filter>소스 파일</Filter>
    </ClCompile>
    <ClCompile Include="Search\ChainingHashing.cpp">
      <Filter>소스 파일</Filter>
    </ClCompile>
    <ClCompile Include="Search\HasingLinkedList.cpp">
      <Filter>소스 파일</Filter>
    </ClCompile>
    <ClCompile Include="Search\ChainingHasingTest.cpp">
      <Filter>소스 파일</Filter>
    </ClCompile>
  </ItemGroup>
  <ItemGroup>
    <ClInclude Include="ArrayList\ArrayList.h">
      <Filter>헤더 파일</Filter>
    </ClInclude>
    <ClInclude Include="RinkedList\SimpleLinkedList.h">
      <Filter>헤더 파일</Filter>
    </ClInclude>
    <ClInclude Include="RinkedList\CircularLinkedList.h">
      <Filter>헤더 파일</Filter>
    </ClInclude>
    <ClInclude Include="RinkedList\DoublyLinkedList.h">
      <Filter>헤더 파일</Filter>
    </ClInclude>
    <ClInclude Include="Stack\ArrayStack.h">
      <Filter>헤더 파일</Filter>
    </ClInclude>
    <ClInclude Include="Stack\LinkedListStack.h">
      <Filter>헤더 파일</Filter>
    </ClInclude>
    <ClInclude Include="Stack\Exprdef.h">
      <Filter>헤더 파일</Filter>
    </ClInclude>
    <ClInclude Include="Queue\ArrayQueue.h">
      <Filter>헤더 파일</Filter>
    </ClInclude>
    <ClInclude Include="Queue\LinkedListQueue.h">
      <Filter>헤더 파일</Filter>
    </ClInclude>
    <ClInclude Include="Deque\LinkedListDeque.h">
      <Filter>헤더 파일</Filter>
    </ClInclude>
    <ClInclude Include="Tree\BinaryTree.h">
      <Filter>헤더 파일</Filter>
    </ClInclude>
    <ClInclude Include="Tree\ArrayHeap.h">
      <Filter>헤더 파일</Filter>
    </ClInclude>
    <ClInclude Include="Tree\BinarySearchTree.h">
      <Filter>헤더 파일</Filter>
    </ClInclude>
    <ClInclude Include="Graph\ArrayGraph.h">
      <Filter>헤더 파일</Filter>
    </ClInclude>
    <ClInclude Include="Graph\GraphLinkedList.h">
      <Filter>헤더 파일</Filter>
    </ClInclude>
    <ClInclude Include="Graph\LinkedGraph.h">
      <Filter>헤더 파일</Filter>
    </ClInclude>
    <ClInclude Include="Graph\GraphLinkedStack.h">
      <Filter>헤더 파일</Filter>
    </ClInclude>
    <ClInclude Include="Graph\GraphLinkedQueue.h">
      <Filter>헤더 파일</Filter>
    </ClInclude>
    <ClInclude Include="Graph\GraphArrayHeap.h">
      <Filter>헤더 파일</Filter>
    </ClInclude>
    <ClInclude Include="Graph\MinSpanningTree.h">
      <Filter>헤더 파일</Filter>
    </ClInclude>
    <ClInclude Include="Graph\ShortestPath.h">
      <Filter>헤더 파일</Filter>
    </ClInclude>
    <ClInclude Include="Sort\Sort.h">
      <Filter>헤더 파일</Filter>
    </ClInclude>
    <ClInclude Include="Sort\SortQueue.h">
      <Filter>헤더 파일</Filter>
    </ClInclude>
    <ClInclude Include="Sort\SortHeap.h">
      <Filter>헤더 파일</Filter>
    </ClInclude>
    <ClInclude Include="Search\StaticHashing.h">
      <Filter>헤더 파일</Filter>
    </ClInclude>
    <ClInclude Include="Search\ChainingHashing.h">
      <Filter>헤더 파일</Filter>
    </ClInclude>
    <ClInclude Include="Search\HashingLinkedList.h">
      <Filter>헤더 파일</Filter>
    </ClInclude>
  </ItemGroup>
</Project>